
Microsoft Visual Studio Solution File, Format Version 12.00
# Visual Studio 2012
Project("{FAE04EC0-301F-11D3-BF4B-00C04F79EFBC}") = "MadHacks", "MadHacks\MadHacks.csproj", "{C72BBD02-F26B-4BF1-BEB5-BD5A960683A4}"
EndProject
Project("{FAE04EC0-301F-11D3-BF4B-00C04F79EFBC}") = "MadHacks.iOS", "iOS\MadHacks.iOS.csproj", "{009F53CA-8545-44C1-A047-85D50CABED55}"
EndProject
Project("{FAE04EC0-301F-11D3-BF4B-00C04F79EFBC}") = "MadHacks.Droid", "Droid\MadHacks.Droid.csproj", "{24FF5781-5C13-44BC-A4FE-DDD8C89D5A0B}"
EndProject
Global
	GlobalSection(SolutionConfigurationPlatforms) = preSolution
		Debug|Any CPU = Debug|Any CPU
		Release|Any CPU = Release|Any CPU
		Debug|iPhoneSimulator = Debug|iPhoneSimulator
		Release|iPhone = Release|iPhone
		Release|iPhoneSimulator = Release|iPhoneSimulator
		Debug|iPhone = Debug|iPhone
	EndGlobalSection
	GlobalSection(ProjectConfigurationPlatforms) = postSolution
		{C72BBD02-F26B-4BF1-BEB5-BD5A960683A4}.Debug|Any CPU.ActiveCfg = Debug|Any CPU
		{C72BBD02-F26B-4BF1-BEB5-BD5A960683A4}.Debug|Any CPU.Build.0 = Debug|Any CPU
		{C72BBD02-F26B-4BF1-BEB5-BD5A960683A4}.Release|Any CPU.ActiveCfg = Release|Any CPU
		{C72BBD02-F26B-4BF1-BEB5-BD5A960683A4}.Release|Any CPU.Build.0 = Release|Any CPU
		{C72BBD02-F26B-4BF1-BEB5-BD5A960683A4}.Debug|iPhoneSimulator.ActiveCfg = Debug|Any CPU
		{C72BBD02-F26B-4BF1-BEB5-BD5A960683A4}.Debug|iPhoneSimulator.Build.0 = Debug|Any CPU
		{C72BBD02-F26B-4BF1-BEB5-BD5A960683A4}.Release|iPhone.ActiveCfg = Release|Any CPU
		{C72BBD02-F26B-4BF1-BEB5-BD5A960683A4}.Release|iPhone.Build.0 = Release|Any CPU
		{C72BBD02-F26B-4BF1-BEB5-BD5A960683A4}.Release|iPhoneSimulator.ActiveCfg = Release|Any CPU
		{C72BBD02-F26B-4BF1-BEB5-BD5A960683A4}.Release|iPhoneSimulator.Build.0 = Release|Any CPU
		{C72BBD02-F26B-4BF1-BEB5-BD5A960683A4}.Debug|iPhone.ActiveCfg = Debug|Any CPU
		{C72BBD02-F26B-4BF1-BEB5-BD5A960683A4}.Debug|iPhone.Build.0 = Debug|Any CPU
		{009F53CA-8545-44C1-A047-85D50CABED55}.Debug|Any CPU.ActiveCfg = Debug|iPhoneSimulator
		{009F53CA-8545-44C1-A047-85D50CABED55}.Debug|Any CPU.Build.0 = Debug|iPhoneSimulator
		{009F53CA-8545-44C1-A047-85D50CABED55}.Release|Any CPU.ActiveCfg = Release|iPhone
		{009F53CA-8545-44C1-A047-85D50CABED55}.Release|Any CPU.Build.0 = Release|iPhone
		{009F53CA-8545-44C1-A047-85D50CABED55}.Debug|iPhoneSimulator.ActiveCfg = Debug|iPhoneSimulator
		{009F53CA-8545-44C1-A047-85D50CABED55}.Debug|iPhoneSimulator.Build.0 = Debug|iPhoneSimulator
		{009F53CA-8545-44C1-A047-85D50CABED55}.Release|iPhone.ActiveCfg = Release|iPhone
		{009F53CA-8545-44C1-A047-85D50CABED55}.Release|iPhone.Build.0 = Release|iPhone
		{009F53CA-8545-44C1-A047-85D50CABED55}.Release|iPhoneSimulator.ActiveCfg = Release|iPhoneSimulator
		{009F53CA-8545-44C1-A047-85D50CABED55}.Release|iPhoneSimulator.Build.0 = Release|iPhoneSimulator
		{009F53CA-8545-44C1-A047-85D50CABED55}.Debug|iPhone.ActiveCfg = Debug|iPhone
		{009F53CA-8545-44C1-A047-85D50CABED55}.Debug|iPhone.Build.0 = Debug|iPhone
		{24FF5781-5C13-44BC-A4FE-DDD8C89D5A0B}.Debug|Any CPU.ActiveCfg = Debug|Any CPU
		{24FF5781-5C13-44BC-A4FE-DDD8C89D5A0B}.Debug|Any CPU.Build.0 = Debug|Any CPU
		{24FF5781-5C13-44BC-A4FE-DDD8C89D5A0B}.Release|Any CPU.ActiveCfg = Release|Any CPU
		{24FF5781-5C13-44BC-A4FE-DDD8C89D5A0B}.Release|Any CPU.Build.0 = Release|Any CPU
		{24FF5781-5C13-44BC-A4FE-DDD8C89D5A0B}.Debug|iPhoneSimulator.ActiveCfg = Debug|Any CPU
		{24FF5781-5C13-44BC-A4FE-DDD8C89D5A0B}.Debug|iPhoneSimulator.Build.0 = Debug|Any CPU
		{24FF5781-5C13-44BC-A4FE-DDD8C89D5A0B}.Release|iPhone.ActiveCfg = Release|Any CPU
		{24FF5781-5C13-44BC-A4FE-DDD8C89D5A0B}.Release|iPhone.Build.0 = Release|Any CPU
		{24FF5781-5C13-44BC-A4FE-DDD8C89D5A0B}.Release|iPhoneSimulator.ActiveCfg = Release|Any CPU
		{24FF5781-5C13-44BC-A4FE-DDD8C89D5A0B}.Release|iPhoneSimulator.Build.0 = Release|Any CPU
		{24FF5781-5C13-44BC-A4FE-DDD8C89D5A0B}.Debug|iPhone.ActiveCfg = Debug|Any CPU
		{24FF5781-5C13-44BC-A4FE-DDD8C89D5A0B}.Debug|iPhone.Build.0 = Debug|Any CPU
	EndGlobalSection
EndGlobal
